
Microsoft Visual Studio Solution File, Format Version 12.00
# Visual Studio 14
VisualStudioVersion = 14.0.25420.1
MinimumVisualStudioVersion = 10.0.40219.1
Project("{FAE04EC0-301F-11D3-BF4B-00C04F79EFBC}") = "HMC704LP4EApi", "API\HMC704LP4EApi.csproj", "{AEAC1096-E504-4776-B8C6-71F35DBEBA1F}"
EndProject
Project("{FAE04EC0-301F-11D3-BF4B-00C04F79EFBC}") = "HMC704Control", "Control\HMC704Control.csproj", "{2C9F8463-B556-4B71-924C-878DEA69EDBE}"
EndProject
Project("{FAE04EC0-301F-11D3-BF4B-00C04F79EFBC}") = "HMC704App", "HMC704App\HMC704App.csproj", "{9C30AD0C-AC51-442B-8A9C-7944F2904FDA}"
EndProject
Global
	GlobalSection(SolutionConfigurationPlatforms) = preSolution
		Debug|Any CPU = Debug|Any CPU
		Release|Any CPU = Release|Any CPU
	EndGlobalSection
	GlobalSection(ProjectConfigurationPlatforms) = postSolution
		{AEAC1096-E504-4776-B8C6-71F35DBEBA1F}.Debug|Any CPU.ActiveCfg = Debug|Any CPU
		{AEAC1096-E504-4776-B8C6-71F35DBEBA1F}.Debug|Any CPU.Build.0 = Debug|Any CPU
		{AEAC1096-E504-4776-B8C6-71F35DBEBA1F}.Release|Any CPU.ActiveCfg = Release|Any CPU
		{AEAC1096-E504-4776-B8C6-71F35DBEBA1F}.Release|Any CPU.Build.0 = Release|Any CPU
		{2C9F8463-B556-4B71-924C-878DEA69EDBE}.Debug|Any CPU.ActiveCfg = Debug|Any CPU
		{2C9F8463-B556-4B71-924C-878DEA69EDBE}.Debug|Any CPU.Build.0 = Debug|Any CPU
		{2C9F8463-B556-4B71-924C-878DEA69EDBE}.Release|Any CPU.ActiveCfg = Release|Any CPU
		{2C9F8463-B556-4B71-924C-878DEA69EDBE}.Release|Any CPU.Build.0 = Release|Any CPU
		{9C30AD0C-AC51-442B-8A9C-7944F2904FDA}.Debug|Any CPU.ActiveCfg = Debug|Any CPU
		{9C30AD0C-AC51-442B-8A9C-7944F2904FDA}.Debug|Any CPU.Build.0 = Debug|Any CPU
		{9C30AD0C-AC51-442B-8A9C-7944F2904FDA}.Release|Any CPU.ActiveCfg = Release|Any CPU
		{9C30AD0C-AC51-442B-8A9C-7944F2904FDA}.Release|Any CPU.Build.0 = Release|Any CPU
	EndGlobalSection
	GlobalSection(SolutionProperties) = preSolution
		HideSolutionNode = FALSE
	EndGlobalSection
EndGlobal
